<?xml version="1.0" encoding="utf-8"?>
<Project ToolsVersion="4.0" xmlns="http://schemas.microsoft.com/developer/msbuild/2003">
  <ItemGroup>
    <Filter Include="Generated Files">
      <UniqueIdentifier>{71ED8ED8-ACB9-4CE9-BBE1-E00B30144E11}</UniqueIdentifier>
      <Extensions>cpp;c;cxx;moc;h;def;odl;idl;res;</Extensions>
    </Filter>
    <Filter Include="Generated Files">
      <UniqueIdentifier>{71ED8ED8-ACB9-4CE9-BBE1-E00B30144E11}</UniqueIdentifier>
      <Extensions>cpp;c;cxx;moc;h;def;odl;idl;res;</Extensions>
    </Filter>
    <Filter Include="Header Files">
      <UniqueIdentifier>{93995380-89BD-4b04-88EB-625FBE52EBFB}</UniqueIdentifier>
      <Extensions>h;hpp;hxx;hm;inl;inc;xsd</Extensions>
    </Filter>
    <Filter Include="Header Files">
      <UniqueIdentifier>{93995380-89BD-4b04-88EB-625FBE52EBFB}</UniqueIdentifier>
      <Extensions>h;hpp;hxx;hm;inl;inc;xsd</Extensions>
    </Filter>
    <Filter Include="Source Files">
      <UniqueIdentifier>{4FC737F1-C7A5-4376-A066-2A32D752A2FF}</UniqueIdentifier>
      <Extensions>cpp;c;cxx;def;odl;idl;hpj;bat;asm;asmx</Extensions>
    </Filter>
    <Filter Include="Source Files">
      <UniqueIdentifier>{4FC737F1-C7A5-4376-A066-2A32D752A2FF}</UniqueIdentifier>
      <Extensions>cpp;c;cxx;def;odl;idl;hpj;bat;asm;asmx</Extensions>
    </Filter>
    <Filter Include="Generated Files\Debug">
      <UniqueIdentifier>{5feb04cd-e842-4a22-b2ee-e2c5eb2d83d5}</UniqueIdentifier>
      <Extensions>cpp;moc</Extensions>
      <SourceControlFiles>False</SourceControlFiles>
    </Filter>
    <Filter Include="Generated Files\Release">
      <UniqueIdentifier>{bd78ed0c-496e-4da3-975a-08f41fb9308b}</UniqueIdentifier>
      <Extensions>cpp;moc</Extensions>
      <SourceControlFiles>False</SourceControlFiles>
    </Filter>
    <Filter Include="Form Files">
      <UniqueIdentifier>{99349809-55BA-4b9d-BF79-8FDBB0286EB3}</UniqueIdentifier>
      <Extensions>ui</Extensions>
      <ParseFiles>true</ParseFiles>
    </Filter>
  </ItemGroup>
  <ItemGroup>
    <ClCompile Include="ApiController.cpp">
      <Filter>Source Files</Filter>
    </ClCompile>
    <ClCompile Include="AsynchronousGrab.cpp">
      <Filter>Source Files</Filter>
    </ClCompile>
    <ClCompile Include="CameraObserver.cpp">
      <Filter>Source Files</Filter>
    </ClCompile>
    <ClCompile Include="FocusWindow.cpp">
      <Filter>Source Files</Filter>
    </ClCompile>
    <ClCompile Include="FrameObserver.cpp">
      <Filter>Source Files</Filter>
    </ClCompile>
    <ClCompile Include="GPPWizard.cpp">
      <Filter>Source Files</Filter>
    </ClCompile>
    <ClCompile Include="Main_Prog.cpp">
      <Filter>Source Files</Filter>
    </ClCompile>
    <ClCompile Include="ProgressPage.cpp">
      <Filter>Source Files</Filter>
    </ClCompile>
    <ClCompile Include="SerialCommunication.cpp">
      <Filter>Source Files</Filter>
    </ClCompile>
    <ClCompile Include="SettingsPage.cpp">
      <Filter>Source Files</Filter>
    </ClCompile>
    <ClCompile Include="TakePictureTest.cpp">
      <Filter>Source Files</Filter>
    </ClCompile>
    <ClCompile Include="cameraSettingsWindow.cpp">
      <Filter>Source Files</Filter>
    </ClCompile>
    <ClCompile Include="Debug\moc_AsynchronousGrab.cpp">
      <Filter>Generated Files\Debug</Filter>
    </ClCompile>
    <ClCompile Include="Release\moc_AsynchronousGrab.cpp">
      <Filter>Generated Files\Release</Filter>
    </ClCompile>
    <ClCompile Include="Debug\moc_CameraObserver.cpp">
      <Filter>Generated Files\Debug</Filter>
    </ClCompile>
    <ClCompile Include="Release\moc_CameraObserver.cpp">
      <Filter>Generated Files\Release</Filter>
    </ClCompile>
    <ClCompile Include="Debug\moc_FocusWindow.cpp">
      <Filter>Generated Files\Debug</Filter>
    </ClCompile>
    <ClCompile Include="Release\moc_FocusWindow.cpp">
      <Filter>Generated Files\Release</Filter>
    </ClCompile>
    <ClCompile Include="Debug\moc_FrameObserver.cpp">
      <Filter>Generated Files\Debug</Filter>
    </ClCompile>
    <ClCompile Include="Release\moc_FrameObserver.cpp">
      <Filter>Generated Files\Release</Filter>
    </ClCompile>
    <ClCompile Include="Debug\moc_GPPWizard.cpp">
      <Filter>Generated Files\Debug</Filter>
    </ClCompile>
    <ClCompile Include="Release\moc_GPPWizard.cpp">
      <Filter>Generated Files\Release</Filter>
    </ClCompile>
    <ClCompile Include="Debug\moc_ProgressPage.cpp">
      <Filter>Generated Files\Debug</Filter>
    </ClCompile>
    <ClCompile Include="Release\moc_ProgressPage.cpp">
      <Filter>Generated Files\Release</Filter>
    </ClCompile>
    <ClCompile Include="Debug\moc_SerialCommunication.cpp">
      <Filter>Generated Files\Debug</Filter>
    </ClCompile>
    <ClCompile Include="Release\moc_SerialCommunication.cpp">
      <Filter>Generated Files\Release</Filter>
    </ClCompile>
    <ClCompile Include="Debug\moc_SettingsPage.cpp">
      <Filter>Generated Files\Debug</Filter>
    </ClCompile>
    <ClCompile Include="Release\moc_SettingsPage.cpp">
      <Filter>Generated Files\Release</Filter>
    </ClCompile>
    <ClCompile Include="fenetre.cpp">
      <Filter>Generated Files</Filter>
    </ClCompile>
    <ClCompile Include="Debug\moc_fenetre.cpp">
      <Filter>Generated Files\Debug</Filter>
    </ClCompile>
    <ClCompile Include="Release\moc_fenetre.cpp">
      <Filter>Generated Files\Release</Filter>
    </ClCompile>
    <ClCompile Include="main.cpp">
      <Filter>Generated Files</Filter>
    </ClCompile>
    <ClCompile Include="wcam.cpp">
      <Filter>Generated Files</Filter>
    </ClCompile>
    <ClCompile Include="Debug\moc_wcam.cpp">
      <Filter>Generated Files\Debug</Filter>
    </ClCompile>
    <ClCompile Include="Release\moc_wcam.cpp">
      <Filter>Generated Files\Release</Filter>
    </ClCompile>
  </ItemGroup>
  <ItemGroup>
    <ClInclude Include="Vimba_2.0\VimbaCPP\Include\AncillaryData.h">
      <Filter>Header Files</Filter>
    </ClInclude>
    <ClInclude Include="ApiController.h">
      <Filter>Header Files</Filter>
    </ClInclude>
    <CustomBuild Include="AsynchronousGrab.h">
      <Filter>Header Files</Filter>
    </CustomBuild>
    <ClInclude Include="Vimba_2.0\VimbaCPP\Include\BasicLockable.h">
      <Filter>Header Files</Filter>
    </ClInclude>
    <ClInclude Include="Vimba_2.0\VimbaCPP\Include\Camera.h">
      <Filter>Header Files</Filter>
    </ClInclude>
    <ClInclude Include="Vimba_2.0\VimbaCPP\Include\Camera.hpp">
      <Filter>Header Files</Filter>
    </ClInclude>
    <CustomBuild Include="CameraObserver.h">
      <Filter>Header Files</Filter>
    </CustomBuild>
    <ClInclude Include="Vimba_2.0\VimbaCPP\Include\EnumEntry.h">
      <Filter>Header Files</Filter>
    </ClInclude>
    <ClInclude Include="Vimba_2.0\VimbaCPP\Include\EnumEntry.hpp">
      <Filter>Header Files</Filter>
    </ClInclude>
    <ClInclude Include="Vimba_2.0\VimbaCPP\Include\Feature.h">
      <Filter>Header Files</Filter>
    </ClInclude>
    <ClInclude Include="Vimba_2.0\VimbaCPP\Include\Feature.hpp">
      <Filter>Header Files</Filter>
    </ClInclude>
    <ClInclude Include="Vimba_2.0\VimbaCPP\Include\FeatureContainer.h">
      <Filter>Header Files</Filter>
    </ClInclude>
    <ClInclude Include="Vimba_2.0\VimbaCPP\Include\FeatureContainer.hpp">
      <Filter>Header Files</Filter>
    </ClInclude>
    <ClInclude Include="Vimba_2.0\VimbaCPP\Include\FileLogger.h">
      <Filter>Header Files</Filter>
    </ClInclude>
    <CustomBuild Include="FocusWindow.h">
      <Filter>Header Files</Filter>
    </CustomBuild>
    <ClInclude Include="Vimba_2.0\VimbaCPP\Include\Frame.h">
      <Filter>Header Files</Filter>
    </ClInclude>
    <CustomBuild Include="FrameObserver.h">
      <Filter>Header Files</Filter>
    </CustomBuild>
    <CustomBuild Include="GPPWizard.h">
      <Filter>Header Files</Filter>
    </CustomBuild>
    <ClInclude Include="Vimba_2.0\VimbaCPP\Include\ICameraFactory.h">
      <Filter>Header Files</Filter>
    </ClInclude>
    <ClInclude Include="Vimba_2.0\VimbaCPP\Include\ICameraListObserver.h">
      <Filter>Header Files</Filter>
    </ClInclude>
    <ClInclude Include="Vimba_2.0\VimbaCPP\Include\IFeatureObserver.h">
      <Filter>Header Files</Filter>
    </ClInclude>
    <ClInclude Include="Vimba_2.0\VimbaCPP\Include\IFrameObserver.h">
      <Filter>Header Files</Filter>
    </ClInclude>
    <ClInclude Include="Vimba_2.0\VimbaCPP\Include\IInterfaceListObserver.h">
      <Filter>Header Files</Filter>
    </ClInclude>
    <ClInclude Include="Vimba_2.0\VimbaCPP\Include\IRegisterDevice.h">
      <Filter>Header Files</Filter>
    </ClInclude>
    <ClInclude Include="Vimba_2.0\VimbaCPP\Include\Interface.h">
      <Filter>Header Files</Filter>
    </ClInclude>
    <ClInclude Include="Vimba_2.0\VimbaCPP\Include\Interface.hpp">
      <Filter>Header Files</Filter>
    </ClInclude>
    <ClInclude Include="Vimba_2.0\VimbaCPP\Include\LoggerDefines.h">
      <Filter>Header Files</Filter>
    </ClInclude>
    <ClInclude Include="Vimba_2.0\VimbaCPP\Include\Mutex.h">
      <Filter>Header Files</Filter>
    </ClInclude>
    <CustomBuild Include="ProgressPage.h">
      <Filter>Header Files</Filter>
    </CustomBuild>
    <CustomBuild Include="SerialCommunication.h">
      <Filter>Header Files</Filter>
    </CustomBuild>
    <CustomBuild Include="SettingsPage.h">
      <Filter>Header Files</Filter>
    </CustomBuild>
    <ClInclude Include="Vimba_2.0\VimbaCPP\Include\SharedPointer.h">
      <Filter>Header Files</Filter>
    </ClInclude>
    <ClInclude Include="Vimba_2.0\VimbaCPP\Include\SharedPointerDefines.h">
      <Filter>Header Files</Filter>
    </ClInclude>
    <ClInclude Include="Vimba_2.0\VimbaCPP\Include\SharedPointer_impl.h">
      <Filter>Header Files</Filter>
    </ClInclude>
    <ClInclude Include="TakePictureTest.h">
      <Filter>Header Files</Filter>
    </ClInclude>
    <ClInclude Include="Vimba_2.0\VimbaCPP\Include\UserLoggerDefines.h">
      <Filter>Header Files</Filter>
    </ClInclude>
    <ClInclude Include="Vimba_2.0\VimbaCPP\Include\UserSharedPointerDefines.h">
      <Filter>Header Files</Filter>
    </ClInclude>
    <ClInclude Include="Vimba_2.0\VimbaCPP\Include\VimbaCPP.h">
      <Filter>Header Files</Filter>
    </ClInclude>
    <ClInclude Include="Vimba_2.0\VimbaCPP\Include\VimbaCPPCommon.h">
      <Filter>Header Files</Filter>
    </ClInclude>
    <ClInclude Include="Vimba_2.0\VimbaCPP\Include\VimbaSystem.h">
      <Filter>Header Files</Filter>
    </ClInclude>
    <ClInclude Include="Vimba_2.0\VimbaCPP\Include\VimbaSystem.hpp">
      <Filter>Header Files</Filter>
    </ClInclude>
    <ClInclude Include="cameraSettingsWindow.h">
      <Filter>Header Files</Filter>
    </ClInclude>
    <ClInclude Include="GeneratedFiles\ui_logiciel_mecatro.h">
      <Filter>Generated Files</Filter>
    </ClInclude>
    <ClInclude Include="resource.h">
      <Filter>Generated Files</Filter>
    </ClInclude>
  </ItemGroup>
  <ItemGroup>
    <CustomBuild Include="logiciel_mecatro.ui">
      <Filter>Form Files</Filter>
    </CustomBuild>
    <CustomBuild Include="fenetre.h">
      <Filter>Generated Files</Filter>
    </CustomBuild>
    <CustomBuild Include="wcam.h">
      <Filter>Generated Files</Filter>
    </CustomBuild>
  </ItemGroup>
  <ItemGroup>
    <ResourceCompile Include="Logiciel-mecatro.rc" />
  </ItemGroup>
  <ItemGroup>
    <Image Include="Logo 3.bmp" />
  </ItemGroup>
</Project>